{
  "name": "input-spellcheck",
  "lockfileVersion": 3,
  "requires": true,
  "packages": {
    "": {
      "dependencies": {
        "dictionary-en": "^4.0.0",
        "dictionary-pl": "^2.0.0",
        "nodehun": "^3.0.2"
      }
    },
    "node_modules/dictionary-en": {
      "version": "4.0.0",
      "resolved": "https://registry.npmjs.org/dictionary-en/-/dictionary-en-4.0.0.tgz",
      "integrity": "sha512-3NHnE1uq33ZE/CIwaZ6gqxa4BnglHnxeAcTM0GJ7cmtRGcvX9InMK/IqLtYcUMFCUpUNgybH+DzkqdgAo3F1zg==",
      "license": "(MIT AND BSD)",
      "funding": {
        "type": "github",
        "url": "https://github.com/sponsors/wooorm"
      }
    },
    "node_modules/dictionary-pl": {
      "version": "2.0.0",
      "resolved": "https://registry.npmjs.org/dictionary-pl/-/dictionary-pl-2.0.0.tgz",
      "integrity": "sha512-jg1j4DM12i6oyp34Re5UeVYZAh2u4Y0Qi8zUfLVQjRmUQA8PsHO41ShoZLDwcQm7mWfeTeZjDPLv9wygPdqj3Q==",
      "license": "(GPL-3.0 OR LGPL-3.0 OR MPL-2.0)",
      "funding": {
        "type": "github",
        "url": "https://github.com/sponsors/wooorm"
      }
    },
    "node_modules/node-addon-api": {
      "version": "8.7.0",
      "resolved": "https://registry.npmjs.org/node-addon-api/-/node-addon-api-8.7.0.tgz",
      "integrity": "sha512-9MdFxmkKaOYVTV+XVRG8ArDwwQ77XIgIPyKASB1k3JPq3M8fGQQQE3YpMOrKm6g//Ktx8ivZr8xo1Qmtqub+GA==",
      "license": "MIT",
      "engines": {
        "node": "^18 || ^20 || >= 21"
      }
    },
    "node_modules/nodehun": {
      "version": "3.0.2",
      "resolved": "https://registry.npmjs.org/nodehun/-/nodehun-3.0.2.tgz",
      "integrity": "sha512-Zo0JrFhNqI4l/sq/3d0Ugxb+NKDIgYrGB5SWtYbpJm5N/lyoN9hP3tFmLNDsOJ6v7dXKn6tpzF+vgVar6C8JiQ==",
      "hasInstallScript": true,
      "license": "MIT",
      "dependencies": {
        "node-addon-api": "*"
      }
    }
  }
}
